{
  "name": "static-release",
  "version": "0.0.1",
  "lockfileVersion": 1,
  "dependencies": {
    "address": {
      "version": "1.0.2",
      "resolved": "http://registry.npm.taobao.org/address/download/address-1.0.2.tgz",
      "integrity": "sha1-SACB6CtYe6MZRZ/vUS9Rb+A9WK8=",
      "dev": true
    },
    "agent-base": {
      "version": "2.1.1",
      "resolved": "http://registry.npm.taobao.org/agent-base/download/agent-base-2.1.1.tgz",
      "integrity": "sha1-1t4Q1a9hMtW9aSQn1G/FOFOQlMc=",
      "dev": true,
      "dependencies": {
        "semver": {
          "version": "5.0.3",
          "resolved": "http://registry.npm.taobao.org/semver/download/semver-5.0.3.tgz",
          "integrity": "sha1-d0Zt5YnNXTyV8TiqeLxWmjy10no=",
          "dev": true
        }
      }
    },
    "agentkeepalive": {
      "version": "2.2.0",
      "resolved": "http://registry.npm.taobao.org/agentkeepalive/download/agentkeepalive-2.2.0.tgz",
      "integrity": "sha1-xdG9SxKQCPEWPyNvhuX66iAm4u8=",
      "dev": true
    },
    "ali-oss": {
      "version": "4.10.0",
      "resolved": "http://registry.npm.taobao.org/ali-oss/download/ali-oss-4.10.0.tgz",
      "integrity": "sha1-R9tceSon8ppzcqW32FMHiT7tUWc=",
      "dev": true
    },
    "ansi-regex": {
      "version": "2.1.1",
      "resolved": "https://registry.npmjs.org/ansi-regex/-/ansi-regex-2.1.1.tgz",
      "integrity": "sha1-w7M6te42DYbg5ijwRorn7yfWVN8=",
      "dev": true
    },
    "ansi-styles": {
      "version": "2.2.1",
      "resolved": "https://registry.npmjs.org/ansi-styles/-/ansi-styles-2.2.1.tgz",
      "integrity": "sha1-tDLdM1i2NM914eRmQ2gkBTPB3b4=",
      "dev": true
    },
    "ast-types": {
      "version": "0.9.12",
      "resolved": "http://registry.npm.taobao.org/ast-types/download/ast-types-0.9.12.tgz",
      "integrity": "sha1-sTYwDWcCZiWuFTJpgsqZGOXbc8k=",
      "dev": true
    },
    "babel-code-frame": {
      "version": "6.26.0",
      "resolved": "http://registry.npm.taobao.org/babel-code-frame/download/babel-code-frame-6.26.0.tgz",
      "integrity": "sha1-Y/1D99weO7fONZR9uP42mj9Yx0s=",
      "dev": true
    },
    "babel-helper-function-name": {
      "version": "6.24.1",
      "resolved": "https://registry.npmjs.org/babel-helper-function-name/-/babel-helper-function-name-6.24.1.tgz",
      "integrity": "sha1-00dbjAPtmCQqJbSDUasYOZ01gKk=",
      "dev": true
    },
    "babel-helper-get-function-arity": {
      "version": "6.24.1",
      "resolved": "https://registry.npmjs.org/babel-helper-get-function-arity/-/babel-helper-get-function-arity-6.24.1.tgz",
      "integrity": "sha1-j3eCqpNAfEHTqlCQj4mwMbG2hT0=",
      "dev": true
    },
    "babel-helper-remap-async-to-generator": {
      "version": "6.24.1",
      "resolved": "https://registry.npmjs.org/babel-helper-remap-async-to-generator/-/babel-helper-remap-async-to-generator-6.24.1.tgz",
      "integrity": "sha1-XsWBgnrXI/7N04HxySg5BnbkVRs=",
      "dev": true
    },
    "babel-plugin-syntax-async-functions": {
      "version": "6.13.0",
      "resolved": "https://registry.npmjs.org/babel-plugin-syntax-async-functions/-/babel-plugin-syntax-async-functions-6.13.0.tgz",
      "integrity": "sha1-ytnK0RkbWtY0vzCuCHI5HgZHvpU=",
      "dev": true
    },
    "babel-plugin-syntax-class-constructor-call": {
      "version": "6.18.0",
      "resolved": "http://registry.npm.taobao.org/babel-plugin-syntax-class-constructor-call/download/babel-plugin-syntax-class-constructor-call-6.18.0.tgz",
      "integrity": "sha1-nLnTn+Q8hgC+yBRkVt3L1OGnZBY=",
      "dev": true
    },
    "babel-plugin-syntax-do-expressions": {
      "version": "6.13.0",
      "resolved": "http://registry.npm.taobao.org/babel-plugin-syntax-do-expressions/download/babel-plugin-syntax-do-expressions-6.13.0.tgz",
      "integrity": "sha1-V0d1YTmqJtOQ0JQQsDdEugfkeW0=",
      "dev": true
    },
    "babel-plugin-syntax-export-extensions": {
      "version": "6.13.0",
      "resolved": "http://registry.npm.taobao.org/babel-plugin-syntax-export-extensions/download/babel-plugin-syntax-export-extensions-6.13.0.tgz",
      "integrity": "sha1-cKFITw+QiaToStRLrDU8lbmxJyE=",
      "dev": true
    },
    "babel-plugin-syntax-function-bind": {
      "version": "6.13.0",
      "resolved": "http://registry.npm.taobao.org/babel-plugin-syntax-function-bind/download/babel-plugin-syntax-function-bind-6.13.0.tgz",
      "integrity": "sha1-SMSV8Xe98xqYHnMvVa3AvdJgH0Y=",
      "dev": true
    },
    "babel-plugin-transform-async-to-generator": {
      "version": "6.24.1",
      "resolved": "https://registry.npmjs.org/babel-plugin-transform-async-to-generator/-/babel-plugin-transform-async-to-generator-6.24.1.tgz",
      "integrity": "sha1-ZTbjeK/2yx1VF6wOQOs+n8jQh2E=",
      "dev": true
    },
    "babel-plugin-transform-class-constructor-call": {
      "version": "6.24.1",
      "resolved": "http://registry.npm.taobao.org/babel-plugin-transform-class-constructor-call/download/babel-plugin-transform-class-constructor-call-6.24.1.tgz",
      "integrity": "sha1-gNwoVQWsBn3LjWxl4vbxGrd2Xvk=",
      "dev": true
    },
    "babel-plugin-transform-do-expressions": {
      "version": "6.22.0",
      "resolved": "http://registry.npm.taobao.org/babel-plugin-transform-do-expressions/download/babel-plugin-transform-do-expressions-6.22.0.tgz",
      "integrity": "sha1-KMyvkoEtlJws0SgfaQyP3EaK6bs=",
      "dev": true
    },
    "babel-plugin-transform-export-extensions": {
      "version": "6.22.0",
      "resolved": "http://registry.npm.taobao.org/babel-plugin-transform-export-extensions/download/babel-plugin-transform-export-extensions-6.22.0.tgz",
      "integrity": "sha1-U3OLR+deghhYnuqUbLvTkQm75lM=",
      "dev": true
    },
    "babel-plugin-transform-function-bind": {
      "version": "6.22.0",
      "resolved": "http://registry.npm.taobao.org/babel-plugin-transform-function-bind/download/babel-plugin-transform-function-bind-6.22.0.tgz",
      "integrity": "sha1-xvuOlqwpajELjPjqQBRiQH3fapc=",
      "dev": true
    },
    "babel-preset-stage-0": {
      "version": "6.24.1",
      "resolved": "http://registry.npm.taobao.org/babel-preset-stage-0/download/babel-preset-stage-0-6.24.1.tgz",
      "integrity": "sha1-VkLRUEL5E4TX5a+LyIsduVsDnmo=",
      "dev": true
    },
    "babel-preset-stage-1": {
      "version": "6.24.1",
      "resolved": "http://registry.npm.taobao.org/babel-preset-stage-1/download/babel-preset-stage-1-6.24.1.tgz",
      "integrity": "sha1-dpLNfc1oSZB+auSgqFWJz7niv7A=",
      "dev": true
    },
    "babel-runtime": {
      "version": "6.26.0",
      "resolved": "http://registry.npm.taobao.org/babel-runtime/download/babel-runtime-6.26.0.tgz",
      "integrity": "sha1-llxwWGaOgrVde/4E/yM3vItWR/4=",
      "dev": true
    },
    "babel-template": {
      "version": "6.26.0",
      "resolved": "http://registry.npm.taobao.org/babel-template/download/babel-template-6.26.0.tgz",
      "integrity": "sha1-3gPi0WOWsGn0bdn/+FIfsaDjXgI=",
      "dev": true
    },
    "babel-traverse": {
      "version": "6.26.0",
      "resolved": "http://registry.npm.taobao.org/babel-traverse/download/babel-traverse-6.26.0.tgz",
      "integrity": "sha1-RqnL1+3MYsjlwGTi0tjQ9ANXZu4=",
      "dev": true
    },
    "babel-types": {
      "version": "6.26.0",
      "resolved": "http://registry.npm.taobao.org/babel-types/download/babel-types-6.26.0.tgz",
      "integrity": "sha1-o7Bz+Uq0nrb6Vc1lInozQ4BjJJc=",
      "dev": true
    },
    "babylon": {
      "version": "6.18.0",
      "resolved": "http://registry.npm.taobao.org/babylon/download/babylon-6.18.0.tgz",
      "integrity": "sha1-ry87iPpvXB5MY00aD46sT1WzleM=",
      "dev": true
    },
    "bowser": {
      "version": "1.7.1",
      "resolved": "http://registry.npm.taobao.org/bowser/download/bowser-1.7.1.tgz",
      "integrity": "sha1-pN6PGKGg3JUx6yqSoVIftqm6lqU=",
      "dev": true
    },
    "bytes": {
      "version": "2.5.0",
      "resolved": "http://registry.npm.taobao.org/bytes/download/bytes-2.5.0.tgz",
      "integrity": "sha1-TJQj6i0lLCcMQbK97+/5u2tiwGo=",
      "dev": true
    },
    "chalk": {
      "version": "1.1.3",
      "resolved": "https://registry.npmjs.org/chalk/-/chalk-1.1.3.tgz",
      "integrity": "sha1-qBFcVeSnAv5NFQq9OHKCKn4J/Jg=",
      "dev": true
    },
    "co": {
      "version": "4.6.0",
      "resolved": "https://registry.npmjs.org/co/-/co-4.6.0.tgz",
      "integrity": "sha1-bqa989hTrlTMuOR7+gvz+QMfsYQ="
    },
    "co-defer": {
      "version": "1.0.0",
      "resolved": "http://registry.npm.taobao.org/co-defer/download/co-defer-1.0.0.tgz",
      "integrity": "sha1-Pkp4eo7tawoh7ih8CU9+jeDTyBg=",
      "dev": true
    },
    "co-gather": {
      "version": "0.0.1",
      "resolved": "http://registry.npm.taobao.org/co-gather/download/co-gather-0.0.1.tgz",
      "integrity": "sha1-76NfvvAsn2R9inQLP123MYYlNbw=",
      "dev": true
    },
    "co-thread": {
      "version": "0.0.1",
      "resolved": "http://registry.npm.taobao.org/co-thread/download/co-thread-0.0.1.tgz",
      "integrity": "sha1-V3E/DvS4flWV1PI3Ef/ks7beXnQ=",
      "dev": true
    },
    "core-js": {
      "version": "2.5.0",
      "resolved": "http://registry.npm.taobao.org/core-js/download/core-js-2.5.0.tgz",
      "integrity": "sha1-VpwFCRi+ZIazg3VSAorgRmtxcIY=",
      "dev": true
    },
    "data-uri-to-buffer": {
      "version": "1.2.0",
      "resolved": "http://registry.npm.taobao.org/data-uri-to-buffer/download/data-uri-to-buffer-1.2.0.tgz",
      "integrity": "sha1-dxY+qcINhkG0cH6PGKvfmnjzSDU=",
      "dev": true
    },
    "dateformat": {
      "version": "2.0.0",
      "resolved": "http://registry.npm.taobao.org/dateformat/download/dateformat-2.0.0.tgz",
      "integrity": "sha1-J0Pjq7XD/CRi5SfcpEXgTp9N7hc=",
      "dev": true
    },
    "default-user-agent": {
      "version": "1.0.0",
      "resolved": "http://registry.npm.taobao.org/default-user-agent/download/default-user-agent-1.0.0.tgz",
      "integrity": "sha1-FsRu/cq6PtxF8k8r1IaLAbfCrcY=",
      "dev": true
    },
    "degenerator": {
      "version": "1.0.4",
      "resolved": "http://registry.npm.taobao.org/degenerator/download/degenerator-1.0.4.tgz",
      "integrity": "sha1-/PSQo37OJmRk2cxDGrmMWBnO0JU=",
      "dev": true
    },
    "digest-header": {
      "version": "0.0.1",
      "resolved": "http://registry.npm.taobao.org/digest-header/download/digest-header-0.0.1.tgz",
      "integrity": "sha1-Ecz23uxXZqw3l0TZAcEsuklRS+Y=",
      "dev": true,
      "dependencies": {
        "utility": {
          "version": "0.1.11",
          "resolved": "http://registry.npm.taobao.org/utility/download/utility-0.1.11.tgz",
          "integrity": "sha1-/eYM+bTkdRlHoM9dEEzik2ciZxU=",
          "dev": true
        }
      }
    },
    "end-or-error": {
      "version": "1.0.1",
      "resolved": "http://registry.npm.taobao.org/end-or-error/download/end-or-error-1.0.1.tgz",
      "integrity": "sha1-3HpiEP5403L+4kqLSJnb0VVBTcs=",
      "dev": true
    },
    "es6-promise": {
      "version": "4.1.1",
      "resolved": "http://registry.npm.taobao.org/es6-promise/download/es6-promise-4.1.1.tgz",
      "integrity": "sha1-iBHpCRXZoNujYnTwskLb2nj5ySo=",
      "dev": true
    },
    "es6-promisify": {
      "version": "5.0.0",
      "resolved": "http://registry.npm.taobao.org/es6-promisify/download/es6-promisify-5.0.0.tgz",
      "integrity": "sha1-UQnWLz5W6pZ8S2NQWu8IKRyKUgM=",
      "dev": true
    },
    "escape-string-regexp": {
      "version": "1.0.5",
      "resolved": "https://registry.npmjs.org/escape-string-regexp/-/escape-string-regexp-1.0.5.tgz",
      "integrity": "sha1-G2HAViGQqN/2rjuyzwIAyhMLhtQ=",
      "dev": true
    },
    "escodegen": {
      "version": "1.8.1",
      "resolved": "http://registry.npm.taobao.org/escodegen/download/escodegen-1.8.1.tgz",
      "integrity": "sha1-WltTr0aTEQvrsIZ6o0MN07cKEBg=",
      "dev": true,
      "dependencies": {
        "esprima": {
          "version": "2.7.3",
          "resolved": "http://registry.npm.taobao.org/esprima/download/esprima-2.7.3.tgz",
          "integrity": "sha1-luO3DVd59q1JzQMmc9HDEnZ7pYE=",
          "dev": true
        }
      }
    },
    "esprima": {
      "version": "3.1.3",
      "resolved": "http://registry.npm.taobao.org/esprima/download/esprima-3.1.3.tgz",
      "integrity": "sha1-/cpRzuYTOJXjyI1TXOSdv/YqRjM=",
      "dev": true
    },
    "estraverse": {
      "version": "1.9.3",
      "resolved": "http://registry.npm.taobao.org/estraverse/download/estraverse-1.9.3.tgz",
      "integrity": "sha1-r2fy3JIlgkFZUJJgkaQAXSnJu0Q=",
      "dev": true
    },
    "file-uri-to-path": {
      "version": "1.0.0",
      "resolved": "http://registry.npm.taobao.org/file-uri-to-path/download/file-uri-to-path-1.0.0.tgz",
      "integrity": "sha1-VTp7hEb/b2hDWcRF8eN6BdrMM90=",
      "dev": true
    },
    "ftp": {
      "version": "0.3.10",
      "resolved": "http://registry.npm.taobao.org/ftp/download/ftp-0.3.10.tgz",
      "integrity": "sha1-kZfYYa2BQvPmPVqDv+TFn3MwiF0=",
      "dev": true,
      "dependencies": {
        "readable-stream": {
          "version": "1.1.14",
          "resolved": "http://registry.npm.taobao.org/readable-stream/download/readable-stream-1.1.14.tgz",
          "integrity": "sha1-fPTFTvZI44EwhMY23SB54WbAgdk=",
          "dev": true
        }
      }
    },
    "get-ready": {
      "version": "1.0.0",
      "resolved": "http://registry.npm.taobao.org/get-ready/download/get-ready-1.0.0.tgz",
      "integrity": "sha1-+RgX8emt7P6hOlYq38jeiDqzR4I=",
      "dev": true
    },
    "get-uri": {
      "version": "2.0.1",
      "resolved": "http://registry.npm.taobao.org/get-uri/download/get-uri-2.0.1.tgz",
      "integrity": "sha1-29ysrNjGCKODFoaTaBF2l6FjHFk=",
      "dev": true
    },
    "globals": {
      "version": "9.18.0",
      "resolved": "http://registry.npm.taobao.org/globals/download/globals-9.18.0.tgz",
      "integrity": "sha1-qjiWs+abSH8X4x7SFD1pqOMMLYo=",
      "dev": true
    },
    "has-ansi": {
      "version": "2.0.0",
      "resolved": "https://registry.npmjs.org/has-ansi/-/has-ansi-2.0.0.tgz",
      "integrity": "sha1-NPUEnOHs3ysGSa8+8k5F7TVBbZE=",
      "dev": true
    },
    "http-proxy-agent": {
      "version": "1.0.0",
      "resolved": "http://registry.npm.taobao.org/http-proxy-agent/download/http-proxy-agent-1.0.0.tgz",
      "integrity": "sha1-zBzjjkU7+YSg93AtLdWcc9CBKEo=",
      "dev": true
    },
    "https-proxy-agent": {
      "version": "1.0.0",
      "resolved": "http://registry.npm.taobao.org/https-proxy-agent/download/https-proxy-agent-1.0.0.tgz",
      "integrity": "sha1-NffabEjOTdv6JkiRrFk+5f+GceY=",
      "dev": true
    },
    "humanize-ms": {
      "version": "1.2.1",
      "resolved": "http://registry.npm.taobao.org/humanize-ms/download/humanize-ms-1.2.1.tgz",
      "integrity": "sha1-xG4xWaKT9riW2ikxbYtv6Lt5u+0=",
      "dev": true
    },
    "iconv-lite": {
      "version": "0.4.18",
      "resolved": "http://registry.npm.taobao.org/iconv-lite/download/iconv-lite-0.4.18.tgz",
      "integrity": "sha1-I9hlaxaq5nQqwpcy6o8DNqR4nPI=",
      "dev": true
    },
    "ip": {
      "version": "1.1.5",
      "resolved": "https://registry.npmjs.org/ip/-/ip-1.1.5.tgz",
      "integrity": "sha1-vd7XARQpCCjAoDnnLvJfWq7ENUo=",
      "dev": true
    },
    "is-class": {
      "version": "0.0.4",
      "resolved": "http://registry.npm.taobao.org/is-class/download/is-class-0.0.4.tgz",
      "integrity": "sha1-4FdFFwW7NOOePjNZjJOpg3KWtzY=",
      "dev": true
    },
    "is-type-of": {
      "version": "1.2.0",
      "resolved": "http://registry.npm.taobao.org/is-type-of/download/is-type-of-1.2.0.tgz",
      "integrity": "sha1-tVPLtGIa31tBceiIPzcOem7DiZU=",
      "dev": true
    },
    "lru-cache": {
      "version": "2.6.5",
      "resolved": "http://registry.npm.taobao.org/lru-cache/download/lru-cache-2.6.5.tgz",
      "integrity": "sha1-5W1jVBSO3o13B7WNFDIg/QjfD9U=",
      "dev": true
    },
    "mime": {
      "version": "1.3.6",
      "resolved": "http://registry.npm.taobao.org/mime/download/mime-1.3.6.tgz",
      "integrity": "sha1-WR2E02U6awtKO5343lqoEI5y5eA=",
      "dev": true
    },
    "minimist": {
      "version": "1.2.0",
      "resolved": "http://registry.npm.taobao.org/minimist/download/minimist-1.2.0.tgz",
      "integrity": "sha1-o1AIsg9BOD7sH7kU9M1d95omQoQ=",
      "dev": true
    },
    "netmask": {
      "version": "1.0.6",
      "resolved": "http://registry.npm.taobao.org/netmask/download/netmask-1.0.6.tgz",
      "integrity": "sha1-ICl+idhvb2QA8lDZ9Pa0wZRfzTU=",
      "dev": true
    },
    "os-name": {
      "version": "1.0.3",
      "resolved": "http://registry.npm.taobao.org/os-name/download/os-name-1.0.3.tgz",
      "integrity": "sha1-GzefZINa98Wn9JizV8uVIVwVnt8=",
      "dev": true
    },
    "osx-release": {
      "version": "1.1.0",
      "resolved": "http://registry.npm.taobao.org/osx-release/download/osx-release-1.1.0.tgz",
      "integrity": "sha1-8heRGigTaUmvG/kwiyQeJzfTzWw=",
      "dev": true
    },
    "pac-proxy-agent": {
      "version": "2.0.0",
      "resolved": "http://registry.npm.taobao.org/pac-proxy-agent/download/pac-proxy-agent-2.0.0.tgz",
      "integrity": "sha1-vrF80rBqILN51X4bLiwpvg3+X5o=",
      "dev": true,
      "dependencies": {
        "socks-proxy-agent": {
          "version": "3.0.0",
          "resolved": "http://registry.npm.taobao.org/socks-proxy-agent/download/socks-proxy-agent-3.0.0.tgz",
          "integrity": "sha1-6iMIXNK96U0ISmJEjzETnKftYkU=",
          "dev": true,
          "dependencies": {
            "agent-base": {
              "version": "4.1.1",
              "resolved": "http://registry.npm.taobao.org/agent-base/download/agent-base-4.1.1.tgz",
              "integrity": "sha1-ktik/CUko7CbNmajO2yXlg8j1qQ=",
              "dev": true
            }
          }
        }
      }
    },
    "pac-resolver": {
      "version": "3.0.0",
      "resolved": "http://registry.npm.taobao.org/pac-resolver/download/pac-resolver-3.0.0.tgz",
      "integrity": "sha1-auoweH2wqJFwTet4AKcip2FabyY=",
      "dev": true
    },
    "platform": {
      "version": "1.3.4",
      "resolved": "http://registry.npm.taobao.org/platform/download/platform-1.3.4.tgz",
      "integrity": "sha1-bw+xftqqSPIUQrOpdcBjEw8cPr0=",
      "dev": true
    },
    "proxy-agent": {
      "version": "2.1.0",
      "resolved": "http://registry.npm.taobao.org/proxy-agent/download/proxy-agent-2.1.0.tgz",
      "integrity": "sha1-o6Kzhm3r/rebt5HzRdybyHbn/4Y=",
      "dev": true
    },
    "qs": {
      "version": "6.5.0",
      "resolved": "http://registry.npm.taobao.org/qs/download/qs-6.5.0.tgz",
      "integrity": "sha1-jQSVTTZN7z78VbWgeT4eLIsebkk=",
      "dev": true
    },
    "raw-body": {
      "version": "2.3.0",
      "resolved": "http://registry.npm.taobao.org/raw-body/download/raw-body-2.3.0.tgz",
      "integrity": "sha1-95zhrKyrpbY2LTNFTXhdcSn0vGc=",
      "dev": true
    },
    "readable-stream": {
      "version": "2.3.3",
      "resolved": "http://registry.npm.taobao.org/readable-stream/download/readable-stream-2.3.3.tgz",
      "integrity": "sha1-No8lEtefnUb9/HE0mueHi7weuVw=",
      "dev": true,
      "dependencies": {
        "isarray": {
          "version": "1.0.0",
          "resolved": "http://registry.npm.taobao.org/isarray/download/isarray-1.0.0.tgz",
          "integrity": "sha1-u5NdSFgsuhaMBoNJV6VKPgcSTxE=",
          "dev": true
        },
        "string_decoder": {
          "version": "1.0.3",
          "resolved": "http://registry.npm.taobao.org/string_decoder/download/string_decoder-1.0.3.tgz",
          "integrity": "sha1-D8Z9fBQYJd6UKC3VNr7GubzoYKs=",
          "dev": true
        }
      }
    },
    "regenerator-runtime": {
      "version": "0.11.0",
      "resolved": "http://registry.npm.taobao.org/regenerator-runtime/download/regenerator-runtime-0.11.0.tgz",
      "integrity": "sha1-flT+W1zNXWYk6mJVw0c74JC4AuE=",
      "dev": true
    },
    "request-promise": {
      "version": "4.2.1",
      "resolved": "http://registry.npm.taobao.org/request-promise/download/request-promise-4.2.1.tgz",
      "integrity": "sha1-fuxWyJMXqCLL/qmbA5zlQ8LhX2c=",
      "dev": true,
      "dependencies": {
        "bluebird": {
          "version": "3.5.0",
          "resolved": "http://registry.npm.taobao.org/bluebird/download/bluebird-3.5.0.tgz",
          "integrity": "sha1-eRQg1/VR7qKJdFOop3ZT+WYG1nw=",
          "dev": true
        }
      }
    },
    "request-promise-core": {
      "version": "1.1.1",
      "resolved": "http://registry.npm.taobao.org/request-promise-core/download/request-promise-core-1.1.1.tgz",
      "integrity": "sha1-Pu4AssWqgyOc+wTFcA2jb4HNCLY=",
      "dev": true
    },
    "safe-buffer": {
      "version": "5.1.1",
      "resolved": "http://registry.npm.taobao.org/safe-buffer/download/safe-buffer-5.1.1.tgz",
      "integrity": "sha1-iTMSr2myEj3vcfV4iQAWce6yyFM=",
      "dev": true
    },
    "sax": {
      "version": "1.2.4",
      "resolved": "http://registry.npm.taobao.org/sax/download/sax-1.2.4.tgz",
      "integrity": "sha1-KBYjTiN4vdxOU1T6tcqold9xANk=",
      "dev": true
    },
    "sdk-base": {
      "version": "2.0.1",
      "resolved": "http://registry.npm.taobao.org/sdk-base/download/sdk-base-2.0.1.tgz",
      "integrity": "sha1-ukAonovfJy7RHdnql+r5jgNtJMY=",
      "dev": true
    },
    "semver": {
      "version": "5.4.1",
      "resolved": "http://registry.npm.taobao.org/semver/download/semver-5.4.1.tgz",
      "integrity": "sha1-4FnAnYVx8FQII3M0M1BdOi8AsY4=",
      "dev": true
    },
    "smart-buffer": {
      "version": "1.1.15",
      "resolved": "http://registry.npm.taobao.org/smart-buffer/download/smart-buffer-1.1.15.tgz",
      "integrity": "sha1-fxFLW2X6s+KjWqd1uxLw0cZJvxY=",
      "dev": true
    },
    "socks": {
      "version": "1.1.10",
      "resolved": "http://registry.npm.taobao.org/socks/download/socks-1.1.10.tgz",
      "integrity": "sha1-W4t/x8jzQcU+0FbpKbe/Tei6e1o=",
      "dev": true
    },
    "socks-proxy-agent": {
      "version": "2.1.1",
      "resolved": "http://registry.npm.taobao.org/socks-proxy-agent/download/socks-proxy-agent-2.1.1.tgz",
      "integrity": "sha1-huuwcZMlhjeHDhO3vZnybGY989M=",
      "dev": true
    },
    "source-map": {
      "version": "0.2.0",
      "resolved": "http://registry.npm.taobao.org/source-map/download/source-map-0.2.0.tgz",
      "integrity": "sha1-2rc/vPwrqBm03gO9b26qSBZLP50=",
      "dev": true,
      "optional": true
    },
    "stealthy-require": {
      "version": "1.1.1",
      "resolved": "http://registry.npm.taobao.org/stealthy-require/download/stealthy-require-1.1.1.tgz",
      "integrity": "sha1-NbCYdbT/SfJqd35QmzCQoyJr8ks=",
      "dev": true
    },
    "strip-ansi": {
      "version": "3.0.1",
      "resolved": "https://registry.npmjs.org/strip-ansi/-/strip-ansi-3.0.1.tgz",
      "integrity": "sha1-ajhfuIU9lS1f8F0Oiq+UJ43GPc8=",
      "dev": true
    },
    "supports-color": {
      "version": "2.0.0",
      "resolved": "https://registry.npmjs.org/supports-color/-/supports-color-2.0.0.tgz",
      "integrity": "sha1-U10EXOa2Nj+kARcIRimZXp3zJMc=",
      "dev": true
    },
    "thunkify": {
      "version": "2.1.2",
      "resolved": "http://registry.npm.taobao.org/thunkify/download/thunkify-2.1.2.tgz",
      "integrity": "sha1-+qDp0jDFGsyVyhOjYawFyn4EVT0=",
      "dev": true
    },
    "urllib": {
      "version": "2.24.0",
      "resolved": "http://registry.npm.taobao.org/urllib/download/urllib-2.24.0.tgz",
      "integrity": "sha1-wYlZrnqbbSS8l5WDdF5PW2XwIGw=",
      "dev": true
    },
    "utility": {
      "version": "1.12.0",
      "resolved": "http://registry.npm.taobao.org/utility/download/utility-1.12.0.tgz",
      "integrity": "sha1-vWkweGOjiE7liCElEhW5hy+4QFg=",
      "dev": true
    },
    "win-release": {
      "version": "1.1.1",
      "resolved": "http://registry.npm.taobao.org/win-release/download/win-release-1.1.1.tgz",
      "integrity": "sha1-X6VeAr58qTTt/BJmVjLoSbcuUgk=",
      "dev": true
    },
    "xml2js": {
      "version": "0.4.18",
      "resolved": "http://registry.npm.taobao.org/xml2js/download/xml2js-0.4.18.tgz",
      "integrity": "sha1-oRfsgVOu6yL5VBv76IBeNdrnuWk=",
      "dev": true
    },
    "xmlbuilder": {
      "version": "9.0.3",
      "resolved": "http://registry.npm.taobao.org/xmlbuilder/download/xmlbuilder-9.0.3.tgz",
      "integrity": "sha1-K5dd2fbHzKyEu10xbZSPcrBv+s8=",
      "dev": true
    },
    "xregexp": {
      "version": "2.0.0",
      "resolved": "http://registry.npm.taobao.org/xregexp/download/xregexp-2.0.0.tgz",
      "integrity": "sha1-UqY+VsoLhKfzpfPWGHLxJq16WUM=",
      "dev": true
    }
  }
}
